
Microsoft Visual Studio Solution File, Format Version 12.00
# Visual Studio Version 17
VisualStudioVersion = 17.6.33723.286
MinimumVisualStudioVersion = 10.0.40219.1
Project("{FAE04EC0-301F-11D3-BF4B-00C04F79EFBC}") = "LoginForm", "LoginForm\LoginForm.csproj", "{C3C14131-DA45-4F4E-805B-BF486DA54B02}"
EndProject
Global
	GlobalSection(SolutionConfigurationPlatforms) = preSolution
		Debug|Any CPU = Debug|Any CPU
		Release|Any CPU = Release|Any CPU
	EndGlobalSection
	GlobalSection(ProjectConfigurationPlatforms) = postSolution
		{C3C14131-DA45-4F4E-805B-BF486DA54B02}.Debug|Any CPU.ActiveCfg = Debug|Any CPU
		{C3C14131-DA45-4F4E-805B-BF486DA54B02}.Debug|Any CPU.Build.0 = Debug|Any CPU
		{C3C14131-DA45-4F4E-805B-BF486DA54B02}.Release|Any CPU.ActiveCfg = Release|Any CPU
		{C3C14131-DA45-4F4E-805B-BF486DA54B02}.Release|Any CPU.Build.0 = Release|Any CPU
	EndGlobalSection
	GlobalSection(SolutionProperties) = preSolution
		HideSolutionNode = FALSE
	EndGlobalSection
	GlobalSection(ExtensibilityGlobals) = postSolution
		SolutionGuid = {F831BF7C-71FD-42F7-81F3-6EB4C16E1B31}
	EndGlobalSection
EndGlobal
